
Microsoft Visual Studio Solution File, Format Version 12.00
Project("{FAE04EC0-301F-11D3-BF4B-00C04F79EFBC}") = "AccountService", "AccountService\AccountService.csproj", "{F7D27FE2-615F-4CAB-9B9F-D03BAF29F6DD}"
EndProject
Project("{FAE04EC0-301F-11D3-BF4B-00C04F79EFBC}") = "BAL", "BAL\BAL.csproj", "{BA4F0844-0696-4D20-BF24-522A018A6E56}"
EndProject
Project("{FAE04EC0-301F-11D3-BF4B-00C04F79EFBC}") = "DAL", "DAL\DAL.csproj", "{0263AFDD-71D5-4BC7-8993-B990D0A255E5}"
EndProject
Global
	GlobalSection(SolutionConfigurationPlatforms) = preSolution
		Debug|Any CPU = Debug|Any CPU
		Release|Any CPU = Release|Any CPU
	EndGlobalSection
	GlobalSection(ProjectConfigurationPlatforms) = postSolution
		{F7D27FE2-615F-4CAB-9B9F-D03BAF29F6DD}.Debug|Any CPU.ActiveCfg = Debug|Any CPU
		{F7D27FE2-615F-4CAB-9B9F-D03BAF29F6DD}.Debug|Any CPU.Build.0 = Debug|Any CPU
		{F7D27FE2-615F-4CAB-9B9F-D03BAF29F6DD}.Release|Any CPU.ActiveCfg = Release|Any CPU
		{F7D27FE2-615F-4CAB-9B9F-D03BAF29F6DD}.Release|Any CPU.Build.0 = Release|Any CPU
		{BA4F0844-0696-4D20-BF24-522A018A6E56}.Debug|Any CPU.ActiveCfg = Debug|Any CPU
		{BA4F0844-0696-4D20-BF24-522A018A6E56}.Debug|Any CPU.Build.0 = Debug|Any CPU
		{BA4F0844-0696-4D20-BF24-522A018A6E56}.Release|Any CPU.ActiveCfg = Release|Any CPU
		{BA4F0844-0696-4D20-BF24-522A018A6E56}.Release|Any CPU.Build.0 = Release|Any CPU
		{0263AFDD-71D5-4BC7-8993-B990D0A255E5}.Debug|Any CPU.ActiveCfg = Debug|Any CPU
		{0263AFDD-71D5-4BC7-8993-B990D0A255E5}.Debug|Any CPU.Build.0 = Debug|Any CPU
		{0263AFDD-71D5-4BC7-8993-B990D0A255E5}.Release|Any CPU.ActiveCfg = Release|Any CPU
		{0263AFDD-71D5-4BC7-8993-B990D0A255E5}.Release|Any CPU.Build.0 = Release|Any CPU
	EndGlobalSection
EndGlobal
